
Microsoft Visual Studio Solution File, Format Version 12.00
# Visual Studio Version 17
VisualStudioVersion = 17.14.36518.9 d17.14
MinimumVisualStudioVersion = 10.0.40219.1
Project("{FAE04EC0-301F-11D3-BF4B-00C04F79EFBC}") = "WebProject_klas3_groep4", "WebProject_klas3_groep4\WebProject_klas3_groep4.csproj", "{FEB97E1D-FD12-48FC-A7D8-6547C7ADFC43}"
EndProject
Global
	GlobalSection(SolutionConfigurationPlatforms) = preSolution
		Debug|Any CPU = Debug|Any CPU
		Release|Any CPU = Release|Any CPU
	EndGlobalSection
	GlobalSection(ProjectConfigurationPlatforms) = postSolution
		{FEB97E1D-FD12-48FC-A7D8-6547C7ADFC43}.Debug|Any CPU.ActiveCfg = Debug|Any CPU
		{FEB97E1D-FD12-48FC-A7D8-6547C7ADFC43}.Debug|Any CPU.Build.0 = Debug|Any CPU
		{FEB97E1D-FD12-48FC-A7D8-6547C7ADFC43}.Release|Any CPU.ActiveCfg = Release|Any CPU
		{FEB97E1D-FD12-48FC-A7D8-6547C7ADFC43}.Release|Any CPU.Build.0 = Release|Any CPU
	EndGlobalSection
	GlobalSection(SolutionProperties) = preSolution
		HideSolutionNode = FALSE
	EndGlobalSection
	GlobalSection(ExtensibilityGlobals) = postSolution
		SolutionGuid = {524AD431-2AD5-4752-8725-938E7C06F070}
	EndGlobalSection
EndGlobal
