
Microsoft Visual Studio Solution File, Format Version 12.00
# Visual Studio Version 17
VisualStudioVersion = 17.14.36518.9
MinimumVisualStudioVersion = 10.0.40219.1
Project("{FAE04EC0-301F-11D3-BF4B-00C04F79EFBC}") = "WebProject_klas3_groep4", "WebProject_klas3_groep4\WebProject_klas3_groep4.csproj", "{FEB97E1D-FD12-48FC-A7D8-6547C7ADFC43}"
EndProject
Project("{54A90642-561A-4BB1-A94E-469ADEE60C69}") = "frontend", "Frontend\frontend.esproj", "{462EE049-9FE1-B47D-1B3E-22BACA5D9185}"
EndProject
Project("{FAE04EC0-301F-11D3-BF4B-00C04F79EFBC}") = "WebProject_klas3_groep4.Tests_versie_2", "WebProject_klas3_groep4.Tests_versie_2\WebProject_klas3_groep4.Tests_versie_2.csproj", "{1973893F-A59E-416A-86D0-DE007AFA93F6}"
EndProject
Global
	GlobalSection(SolutionConfigurationPlatforms) = preSolution
		Debug|Any CPU = Debug|Any CPU
		Release|Any CPU = Release|Any CPU
	EndGlobalSection
	GlobalSection(ProjectConfigurationPlatforms) = postSolution
		{FEB97E1D-FD12-48FC-A7D8-6547C7ADFC43}.Debug|Any CPU.ActiveCfg = Debug|Any CPU
		{FEB97E1D-FD12-48FC-A7D8-6547C7ADFC43}.Debug|Any CPU.Build.0 = Debug|Any CPU
		{FEB97E1D-FD12-48FC-A7D8-6547C7ADFC43}.Release|Any CPU.ActiveCfg = Release|Any CPU
		{FEB97E1D-FD12-48FC-A7D8-6547C7ADFC43}.Release|Any CPU.Build.0 = Release|Any CPU
		{462EE049-9FE1-B47D-1B3E-22BACA5D9185}.Debug|Any CPU.ActiveCfg = Debug|Any CPU
		{462EE049-9FE1-B47D-1B3E-22BACA5D9185}.Debug|Any CPU.Build.0 = Debug|Any CPU
		{462EE049-9FE1-B47D-1B3E-22BACA5D9185}.Debug|Any CPU.Deploy.0 = Debug|Any CPU
		{462EE049-9FE1-B47D-1B3E-22BACA5D9185}.Release|Any CPU.ActiveCfg = Release|Any CPU
		{462EE049-9FE1-B47D-1B3E-22BACA5D9185}.Release|Any CPU.Build.0 = Release|Any CPU
		{462EE049-9FE1-B47D-1B3E-22BACA5D9185}.Release|Any CPU.Deploy.0 = Release|Any CPU
		{1973893F-A59E-416A-86D0-DE007AFA93F6}.Debug|Any CPU.ActiveCfg = Debug|Any CPU
		{1973893F-A59E-416A-86D0-DE007AFA93F6}.Debug|Any CPU.Build.0 = Debug|Any CPU
		{1973893F-A59E-416A-86D0-DE007AFA93F6}.Release|Any CPU.ActiveCfg = Release|Any CPU
		{1973893F-A59E-416A-86D0-DE007AFA93F6}.Release|Any CPU.Build.0 = Release|Any CPU
	EndGlobalSection
	GlobalSection(SolutionProperties) = preSolution
		HideSolutionNode = FALSE
	EndGlobalSection
	GlobalSection(ExtensibilityGlobals) = postSolution
		SolutionGuid = {524AD431-2AD5-4752-8725-938E7C06F070}
	EndGlobalSection
EndGlobal
